
Microsoft Visual Studio Solution File, Format Version 12.00
# Visual Studio 2013
VisualStudioVersion = 12.0.30324.0
MinimumVisualStudioVersion = 10.0.40219.1
Project("{FAE04EC0-301F-11D3-BF4B-00C04F79EFBC}") = "BranchDatabases", "BranchDatabases\BranchDatabases.csproj", "{C2D6EEA5-CF85-4B5C-92C7-29F441B7F5A1}"
EndProject
Global
	GlobalSection(SolutionConfigurationPlatforms) = preSolution
		Debug|Any CPU = Debug|Any CPU
		Release|Any CPU = Release|Any CPU
	EndGlobalSection
	GlobalSection(ProjectConfigurationPlatforms) = postSolution
		{C2D6EEA5-CF85-4B5C-92C7-29F441B7F5A1}.Debug|Any CPU.ActiveCfg = Debug|Any CPU
		{C2D6EEA5-CF85-4B5C-92C7-29F441B7F5A1}.Debug|Any CPU.Build.0 = Debug|Any CPU
		{C2D6EEA5-CF85-4B5C-92C7-29F441B7F5A1}.Release|Any CPU.ActiveCfg = Release|Any CPU
		{C2D6EEA5-CF85-4B5C-92C7-29F441B7F5A1}.Release|Any CPU.Build.0 = Release|Any CPU
	EndGlobalSection
	GlobalSection(SolutionProperties) = preSolution
		HideSolutionNode = FALSE
	EndGlobalSection
EndGlobal
